
Microsoft Visual Studio Solution File, Format Version 12.00
# Visual Studio 15
VisualStudioVersion = 15.0.27428.2027
MinimumVisualStudioVersion = 10.0.40219.1
Project("{FAE04EC0-301F-11D3-BF4B-00C04F79EFBC}") = "WPF Front End", "Game\WPF Front End.csproj", "{F430938B-D039-4B18-9D91-3A1819CA0CD5}"
EndProject
Project("{FAE04EC0-301F-11D3-BF4B-00C04F79EFBC}") = "AndroidTest.Android", "AndroidTest\AndroidTest.Android\AndroidTest.Android.csproj", "{82A342B0-4E92-4A53-AB43-DA449815E6C2}"
EndProject
Project("{9A19103F-16F7-4668-BE54-9A1E7A4F7556}") = "AndroidTest", "AndroidTest\AndroidTest\AndroidTest.csproj", "{70E109DA-3B0C-4911-8403-16CE12A2A3E1}"
EndProject
Project("{FAE04EC0-301F-11D3-BF4B-00C04F79EFBC}") = "Console Front End", "ConsoleFrontEnd\Console Front End.csproj", "{6D051892-ED8B-4FB1-B989-C1B415837805}"
EndProject
Project("{FAE04EC0-301F-11D3-BF4B-00C04F79EFBC}") = "GameLib", "GameLib\GameLib.csproj", "{40AF19A5-FC72-4B2D-982A-E9A6F0D21E8E}"
EndProject
Global
	GlobalSection(SolutionConfigurationPlatforms) = preSolution
		Ad-Hoc|Any CPU = Ad-Hoc|Any CPU
		Ad-Hoc|ARM = Ad-Hoc|ARM
		Ad-Hoc|iPhone = Ad-Hoc|iPhone
		Ad-Hoc|iPhoneSimulator = Ad-Hoc|iPhoneSimulator
		Ad-Hoc|x64 = Ad-Hoc|x64
		Ad-Hoc|x86 = Ad-Hoc|x86
		AppStore|Any CPU = AppStore|Any CPU
		AppStore|ARM = AppStore|ARM
		AppStore|iPhone = AppStore|iPhone
		AppStore|iPhoneSimulator = AppStore|iPhoneSimulator
		AppStore|x64 = AppStore|x64
		AppStore|x86 = AppStore|x86
		Debug|Any CPU = Debug|Any CPU
		Debug|ARM = Debug|ARM
		Debug|iPhone = Debug|iPhone
		Debug|iPhoneSimulator = Debug|iPhoneSimulator
		Debug|x64 = Debug|x64
		Debug|x86 = Debug|x86
		Release|Any CPU = Release|Any CPU
		Release|ARM = Release|ARM
		Release|iPhone = Release|iPhone
		Release|iPhoneSimulator = Release|iPhoneSimulator
		Release|x64 = Release|x64
		Release|x86 = Release|x86
	EndGlobalSection
	GlobalSection(ProjectConfigurationPlatforms) = postSolution
		{F430938B-D039-4B18-9D91-3A1819CA0CD5}.Ad-Hoc|Any CPU.ActiveCfg = Release|Any CPU
		{F430938B-D039-4B18-9D91-3A1819CA0CD5}.Ad-Hoc|Any CPU.Build.0 = Release|Any CPU
		{F430938B-D039-4B18-9D91-3A1819CA0CD5}.Ad-Hoc|ARM.ActiveCfg = Release|Any CPU
		{F430938B-D039-4B18-9D91-3A1819CA0CD5}.Ad-Hoc|ARM.Build.0 = Release|Any CPU
		{F430938B-D039-4B18-9D91-3A1819CA0CD5}.Ad-Hoc|iPhone.ActiveCfg = Release|Any CPU
		{F430938B-D039-4B18-9D91-3A1819CA0CD5}.Ad-Hoc|iPhone.Build.0 = Release|Any CPU
		{F430938B-D039-4B18-9D91-3A1819CA0CD5}.Ad-Hoc|iPhoneSimulator.ActiveCfg = Release|Any CPU
		{F430938B-D039-4B18-9D91-3A1819CA0CD5}.Ad-Hoc|iPhoneSimulator.Build.0 = Release|Any CPU
		{F430938B-D039-4B18-9D91-3A1819CA0CD5}.Ad-Hoc|x64.ActiveCfg = Release|Any CPU
		{F430938B-D039-4B18-9D91-3A1819CA0CD5}.Ad-Hoc|x64.Build.0 = Release|Any CPU
		{F430938B-D039-4B18-9D91-3A1819CA0CD5}.Ad-Hoc|x86.ActiveCfg = Release|Any CPU
		{F430938B-D039-4B18-9D91-3A1819CA0CD5}.Ad-Hoc|x86.Build.0 = Release|Any CPU
		{F430938B-D039-4B18-9D91-3A1819CA0CD5}.AppStore|Any CPU.ActiveCfg = Release|Any CPU
		{F430938B-D039-4B18-9D91-3A1819CA0CD5}.AppStore|Any CPU.Build.0 = Release|Any CPU
		{F430938B-D039-4B18-9D91-3A1819CA0CD5}.AppStore|ARM.ActiveCfg = Release|Any CPU
		{F430938B-D039-4B18-9D91-3A1819CA0CD5}.AppStore|ARM.Build.0 = Release|Any CPU
		{F430938B-D039-4B18-9D91-3A1819CA0CD5}.AppStore|iPhone.ActiveCfg = Release|Any CPU
		{F430938B-D039-4B18-9D91-3A1819CA0CD5}.AppStore|iPhone.Build.0 = Release|Any CPU
		{F430938B-D039-4B18-9D91-3A1819CA0CD5}.AppStore|iPhoneSimulator.ActiveCfg = Release|Any CPU
		{F430938B-D039-4B18-9D91-3A1819CA0CD5}.AppStore|iPhoneSimulator.Build.0 = Release|Any CPU
		{F430938B-D039-4B18-9D91-3A1819CA0CD5}.AppStore|x64.ActiveCfg = Release|Any CPU
		{F430938B-D039-4B18-9D91-3A1819CA0CD5}.AppStore|x64.Build.0 = Release|Any CPU
		{F430938B-D039-4B18-9D91-3A1819CA0CD5}.AppStore|x86.ActiveCfg = Release|Any CPU
		{F430938B-D039-4B18-9D91-3A1819CA0CD5}.AppStore|x86.Build.0 = Release|Any CPU
		{F430938B-D039-4B18-9D91-3A1819CA0CD5}.Debug|Any CPU.ActiveCfg = Debug|Any CPU
		{F430938B-D039-4B18-9D91-3A1819CA0CD5}.Debug|Any CPU.Build.0 = Debug|Any CPU
		{F430938B-D039-4B18-9D91-3A1819CA0CD5}.Debug|ARM.ActiveCfg = Debug|Any CPU
		{F430938B-D039-4B18-9D91-3A1819CA0CD5}.Debug|ARM.Build.0 = Debug|Any CPU
		{F430938B-D039-4B18-9D91-3A1819CA0CD5}.Debug|iPhone.ActiveCfg = Debug|Any CPU
		{F430938B-D039-4B18-9D91-3A1819CA0CD5}.Debug|iPhone.Build.0 = Debug|Any CPU
		{F430938B-D039-4B18-9D91-3A1819CA0CD5}.Debug|iPhoneSimulator.ActiveCfg = Debug|Any CPU
		{F430938B-D039-4B18-9D91-3A1819CA0CD5}.Debug|iPhoneSimulator.Build.0 = Debug|Any CPU
		{F430938B-D039-4B18-9D91-3A1819CA0CD5}.Debug|x64.ActiveCfg = Debug|Any CPU
		{F430938B-D039-4B18-9D91-3A1819CA0CD5}.Debug|x64.Build.0 = Debug|Any CPU
		{F430938B-D039-4B18-9D91-3A1819CA0CD5}.Debug|x86.ActiveCfg = Debug|Any CPU
		{F430938B-D039-4B18-9D91-3A1819CA0CD5}.Debug|x86.Build.0 = Debug|Any CPU
		{F430938B-D039-4B18-9D91-3A1819CA0CD5}.Release|Any CPU.ActiveCfg = Release|Any CPU
		{F430938B-D039-4B18-9D91-3A1819CA0CD5}.Release|Any CPU.Build.0 = Release|Any CPU
		{F430938B-D039-4B18-9D91-3A1819CA0CD5}.Release|ARM.ActiveCfg = Release|Any CPU
		{F430938B-D039-4B18-9D91-3A1819CA0CD5}.Release|ARM.Build.0 = Release|Any CPU
		{F430938B-D039-4B18-9D91-3A1819CA0CD5}.Release|iPhone.ActiveCfg = Release|Any CPU
		{F430938B-D039-4B18-9D91-3A1819CA0CD5}.Release|iPhone.Build.0 = Release|Any CPU
		{F430938B-D039-4B18-9D91-3A1819CA0CD5}.Release|iPhoneSimulator.ActiveCfg = Release|Any CPU
		{F430938B-D039-4B18-9D91-3A1819CA0CD5}.Release|iPhoneSimulator.Build.0 = Release|Any CPU
		{F430938B-D039-4B18-9D91-3A1819CA0CD5}.Release|x64.ActiveCfg = Release|Any CPU
		{F430938B-D039-4B18-9D91-3A1819CA0CD5}.Release|x64.Build.0 = Release|Any CPU
		{F430938B-D039-4B18-9D91-3A1819CA0CD5}.Release|x86.ActiveCfg = Release|Any CPU
		{F430938B-D039-4B18-9D91-3A1819CA0CD5}.Release|x86.Build.0 = Release|Any CPU
		{82A342B0-4E92-4A53-AB43-DA449815E6C2}.Ad-Hoc|Any CPU.ActiveCfg = Release|Any CPU
		{82A342B0-4E92-4A53-AB43-DA449815E6C2}.Ad-Hoc|Any CPU.Build.0 = Release|Any CPU
		{82A342B0-4E92-4A53-AB43-DA449815E6C2}.Ad-Hoc|Any CPU.Deploy.0 = Release|Any CPU
		{82A342B0-4E92-4A53-AB43-DA449815E6C2}.Ad-Hoc|ARM.ActiveCfg = Release|Any CPU
		{82A342B0-4E92-4A53-AB43-DA449815E6C2}.Ad-Hoc|ARM.Build.0 = Release|Any CPU
		{82A342B0-4E92-4A53-AB43-DA449815E6C2}.Ad-Hoc|ARM.Deploy.0 = Release|Any CPU
		{82A342B0-4E92-4A53-AB43-DA449815E6C2}.Ad-Hoc|iPhone.ActiveCfg = Release|Any CPU
		{82A342B0-4E92-4A53-AB43-DA449815E6C2}.Ad-Hoc|iPhone.Build.0 = Release|Any CPU
		{82A342B0-4E92-4A53-AB43-DA449815E6C2}.Ad-Hoc|iPhone.Deploy.0 = Release|Any CPU
		{82A342B0-4E92-4A53-AB43-DA449815E6C2}.Ad-Hoc|iPhoneSimulator.ActiveCfg = Release|Any CPU
		{82A342B0-4E92-4A53-AB43-DA449815E6C2}.Ad-Hoc|iPhoneSimulator.Build.0 = Release|Any CPU
		{82A342B0-4E92-4A53-AB43-DA449815E6C2}.Ad-Hoc|iPhoneSimulator.Deploy.0 = Release|Any CPU
		{82A342B0-4E92-4A53-AB43-DA449815E6C2}.Ad-Hoc|x64.ActiveCfg = Release|Any CPU
		{82A342B0-4E92-4A53-AB43-DA449815E6C2}.Ad-Hoc|x64.Build.0 = Release|Any CPU
		{82A342B0-4E92-4A53-AB43-DA449815E6C2}.Ad-Hoc|x64.Deploy.0 = Release|Any CPU
		{82A342B0-4E92-4A53-AB43-DA449815E6C2}.Ad-Hoc|x86.ActiveCfg = Release|Any CPU
		{82A342B0-4E92-4A53-AB43-DA449815E6C2}.Ad-Hoc|x86.Build.0 = Release|Any CPU
		{82A342B0-4E92-4A53-AB43-DA449815E6C2}.Ad-Hoc|x86.Deploy.0 = Release|Any CPU
		{82A342B0-4E92-4A53-AB43-DA449815E6C2}.AppStore|Any CPU.ActiveCfg = Release|Any CPU
		{82A342B0-4E92-4A53-AB43-DA449815E6C2}.AppStore|Any CPU.Build.0 = Release|Any CPU
		{82A342B0-4E92-4A53-AB43-DA449815E6C2}.AppStore|Any CPU.Deploy.0 = Release|Any CPU
		{82A342B0-4E92-4A53-AB43-DA449815E6C2}.AppStore|ARM.ActiveCfg = Release|Any CPU
		{82A342B0-4E92-4A53-AB43-DA449815E6C2}.AppStore|ARM.Build.0 = Release|Any CPU
		{82A342B0-4E92-4A53-AB43-DA449815E6C2}.AppStore|ARM.Deploy.0 = Release|Any CPU
		{82A342B0-4E92-4A53-AB43-DA449815E6C2}.AppStore|iPhone.ActiveCfg = Release|Any CPU
		{82A342B0-4E92-4A53-AB43-DA449815E6C2}.AppStore|iPhone.Build.0 = Release|Any CPU
		{82A342B0-4E92-4A53-AB43-DA449815E6C2}.AppStore|iPhone.Deploy.0 = Release|Any CPU
		{82A342B0-4E92-4A53-AB43-DA449815E6C2}.AppStore|iPhoneSimulator.ActiveCfg = Release|Any CPU
		{82A342B0-4E92-4A53-AB43-DA449815E6C2}.AppStore|iPhoneSimulator.Build.0 = Release|Any CPU
		{82A342B0-4E92-4A53-AB43-DA449815E6C2}.AppStore|iPhoneSimulator.Deploy.0 = Release|Any CPU
		{82A342B0-4E92-4A53-AB43-DA449815E6C2}.AppStore|x64.ActiveCfg = Release|Any CPU
		{82A342B0-4E92-4A53-AB43-DA449815E6C2}.AppStore|x64.Build.0 = Release|Any CPU
		{82A342B0-4E92-4A53-AB43-DA449815E6C2}.AppStore|x64.Deploy.0 = Release|Any CPU
		{82A342B0-4E92-4A53-AB43-DA449815E6C2}.AppStore|x86.ActiveCfg = Release|Any CPU
		{82A342B0-4E92-4A53-AB43-DA449815E6C2}.AppStore|x86.Build.0 = Release|Any CPU
		{82A342B0-4E92-4A53-AB43-DA449815E6C2}.AppStore|x86.Deploy.0 = Release|Any CPU
		{82A342B0-4E92-4A53-AB43-DA449815E6C2}.Debug|Any CPU.ActiveCfg = Debug|Any CPU
		{82A342B0-4E92-4A53-AB43-DA449815E6C2}.Debug|Any CPU.Build.0 = Debug|Any CPU
		{82A342B0-4E92-4A53-AB43-DA449815E6C2}.Debug|Any CPU.Deploy.0 = Debug|Any CPU
		{82A342B0-4E92-4A53-AB43-DA449815E6C2}.Debug|ARM.ActiveCfg = Debug|Any CPU
		{82A342B0-4E92-4A53-AB43-DA449815E6C2}.Debug|ARM.Build.0 = Debug|Any CPU
		{82A342B0-4E92-4A53-AB43-DA449815E6C2}.Debug|ARM.Deploy.0 = Debug|Any CPU
		{82A342B0-4E92-4A53-AB43-DA449815E6C2}.Debug|iPhone.ActiveCfg = Debug|Any CPU
		{82A342B0-4E92-4A53-AB43-DA449815E6C2}.Debug|iPhone.Build.0 = Debug|Any CPU
		{82A342B0-4E92-4A53-AB43-DA449815E6C2}.Debug|iPhone.Deploy.0 = Debug|Any CPU
		{82A342B0-4E92-4A53-AB43-DA449815E6C2}.Debug|iPhoneSimulator.ActiveCfg = Debug|Any CPU
		{82A342B0-4E92-4A53-AB43-DA449815E6C2}.Debug|iPhoneSimulator.Build.0 = Debug|Any CPU
		{82A342B0-4E92-4A53-AB43-DA449815E6C2}.Debug|iPhoneSimulator.Deploy.0 = Debug|Any CPU
		{82A342B0-4E92-4A53-AB43-DA449815E6C2}.Debug|x64.ActiveCfg = Debug|Any CPU
		{82A342B0-4E92-4A53-AB43-DA449815E6C2}.Debug|x64.Build.0 = Debug|Any CPU
		{82A342B0-4E92-4A53-AB43-DA449815E6C2}.Debug|x64.Deploy.0 = Debug|Any CPU
		{82A342B0-4E92-4A53-AB43-DA449815E6C2}.Debug|x86.ActiveCfg = Debug|Any CPU
		{82A342B0-4E92-4A53-AB43-DA449815E6C2}.Debug|x86.Build.0 = Debug|Any CPU
		{82A342B0-4E92-4A53-AB43-DA449815E6C2}.Debug|x86.Deploy.0 = Debug|Any CPU
		{82A342B0-4E92-4A53-AB43-DA449815E6C2}.Release|Any CPU.ActiveCfg = Release|Any CPU
		{82A342B0-4E92-4A53-AB43-DA449815E6C2}.Release|Any CPU.Build.0 = Release|Any CPU
		{82A342B0-4E92-4A53-AB43-DA449815E6C2}.Release|Any CPU.Deploy.0 = Release|Any CPU
		{82A342B0-4E92-4A53-AB43-DA449815E6C2}.Release|ARM.ActiveCfg = Release|Any CPU
		{82A342B0-4E92-4A53-AB43-DA449815E6C2}.Release|ARM.Build.0 = Release|Any CPU
		{82A342B0-4E92-4A53-AB43-DA449815E6C2}.Release|ARM.Deploy.0 = Release|Any CPU
		{82A342B0-4E92-4A53-AB43-DA449815E6C2}.Release|iPhone.ActiveCfg = Release|Any CPU
		{82A342B0-4E92-4A53-AB43-DA449815E6C2}.Release|iPhone.Build.0 = Release|Any CPU
		{82A342B0-4E92-4A53-AB43-DA449815E6C2}.Release|iPhone.Deploy.0 = Release|Any CPU
		{82A342B0-4E92-4A53-AB43-DA449815E6C2}.Release|iPhoneSimulator.ActiveCfg = Release|Any CPU
		{82A342B0-4E92-4A53-AB43-DA449815E6C2}.Release|iPhoneSimulator.Build.0 = Release|Any CPU
		{82A342B0-4E92-4A53-AB43-DA449815E6C2}.Release|iPhoneSimulator.Deploy.0 = Release|Any CPU
		{82A342B0-4E92-4A53-AB43-DA449815E6C2}.Release|x64.ActiveCfg = Release|Any CPU
		{82A342B0-4E92-4A53-AB43-DA449815E6C2}.Release|x64.Build.0 = Release|Any CPU
		{82A342B0-4E92-4A53-AB43-DA449815E6C2}.Release|x64.Deploy.0 = Release|Any CPU
		{82A342B0-4E92-4A53-AB43-DA449815E6C2}.Release|x86.ActiveCfg = Release|Any CPU
		{82A342B0-4E92-4A53-AB43-DA449815E6C2}.Release|x86.Build.0 = Release|Any CPU
		{82A342B0-4E92-4A53-AB43-DA449815E6C2}.Release|x86.Deploy.0 = Release|Any CPU
		{70E109DA-3B0C-4911-8403-16CE12A2A3E1}.Ad-Hoc|Any CPU.ActiveCfg = Debug|Any CPU
		{70E109DA-3B0C-4911-8403-16CE12A2A3E1}.Ad-Hoc|Any CPU.Build.0 = Debug|Any CPU
		{70E109DA-3B0C-4911-8403-16CE12A2A3E1}.Ad-Hoc|ARM.ActiveCfg = Debug|Any CPU
		{70E109DA-3B0C-4911-8403-16CE12A2A3E1}.Ad-Hoc|ARM.Build.0 = Debug|Any CPU
		{70E109DA-3B0C-4911-8403-16CE12A2A3E1}.Ad-Hoc|iPhone.ActiveCfg = Debug|Any CPU
		{70E109DA-3B0C-4911-8403-16CE12A2A3E1}.Ad-Hoc|iPhone.Build.0 = Debug|Any CPU
		{70E109DA-3B0C-4911-8403-16CE12A2A3E1}.Ad-Hoc|iPhoneSimulator.ActiveCfg = Debug|Any CPU
		{70E109DA-3B0C-4911-8403-16CE12A2A3E1}.Ad-Hoc|iPhoneSimulator.Build.0 = Debug|Any CPU
		{70E109DA-3B0C-4911-8403-16CE12A2A3E1}.Ad-Hoc|x64.ActiveCfg = Debug|Any CPU
		{70E109DA-3B0C-4911-8403-16CE12A2A3E1}.Ad-Hoc|x64.Build.0 = Debug|Any CPU
		{70E109DA-3B0C-4911-8403-16CE12A2A3E1}.Ad-Hoc|x86.ActiveCfg = Debug|Any CPU
		{70E109DA-3B0C-4911-8403-16CE12A2A3E1}.Ad-Hoc|x86.Build.0 = Debug|Any CPU
		{70E109DA-3B0C-4911-8403-16CE12A2A3E1}.AppStore|Any CPU.ActiveCfg = Debug|Any CPU
		{70E109DA-3B0C-4911-8403-16CE12A2A3E1}.AppStore|Any CPU.Build.0 = Debug|Any CPU
		{70E109DA-3B0C-4911-8403-16CE12A2A3E1}.AppStore|ARM.ActiveCfg = Debug|Any CPU
		{70E109DA-3B0C-4911-8403-16CE12A2A3E1}.AppStore|ARM.Build.0 = Debug|Any CPU
		{70E109DA-3B0C-4911-8403-16CE12A2A3E1}.AppStore|iPhone.ActiveCfg = Debug|Any CPU
		{70E109DA-3B0C-4911-8403-16CE12A2A3E1}.AppStore|iPhone.Build.0 = Debug|Any CPU
		{70E109DA-3B0C-4911-8403-16CE12A2A3E1}.AppStore|iPhoneSimulator.ActiveCfg = Debug|Any CPU
		{70E109DA-3B0C-4911-8403-16CE12A2A3E1}.AppStore|iPhoneSimulator.Build.0 = Debug|Any CPU
		{70E109DA-3B0C-4911-8403-16CE12A2A3E1}.AppStore|x64.ActiveCfg = Debug|Any CPU
		{70E109DA-3B0C-4911-8403-16CE12A2A3E1}.AppStore|x64.Build.0 = Debug|Any CPU
		{70E109DA-3B0C-4911-8403-16CE12A2A3E1}.AppStore|x86.ActiveCfg = Debug|Any CPU
		{70E109DA-3B0C-4911-8403-16CE12A2A3E1}.AppStore|x86.Build.0 = Debug|Any CPU
		{70E109DA-3B0C-4911-8403-16CE12A2A3E1}.Debug|Any CPU.ActiveCfg = Debug|Any CPU
		{70E109DA-3B0C-4911-8403-16CE12A2A3E1}.Debug|Any CPU.Build.0 = Debug|Any CPU
		{70E109DA-3B0C-4911-8403-16CE12A2A3E1}.Debug|ARM.ActiveCfg = Debug|Any CPU
		{70E109DA-3B0C-4911-8403-16CE12A2A3E1}.Debug|ARM.Build.0 = Debug|Any CPU
		{70E109DA-3B0C-4911-8403-16CE12A2A3E1}.Debug|iPhone.ActiveCfg = Debug|Any CPU
		{70E109DA-3B0C-4911-8403-16CE12A2A3E1}.Debug|iPhone.Build.0 = Debug|Any CPU
		{70E109DA-3B0C-4911-8403-16CE12A2A3E1}.Debug|iPhoneSimulator.ActiveCfg = Debug|Any CPU
		{70E109DA-3B0C-4911-8403-16CE12A2A3E1}.Debug|iPhoneSimulator.Build.0 = Debug|Any CPU
		{70E109DA-3B0C-4911-8403-16CE12A2A3E1}.Debug|x64.ActiveCfg = Debug|Any CPU
		{70E109DA-3B0C-4911-8403-16CE12A2A3E1}.Debug|x64.Build.0 = Debug|Any CPU
		{70E109DA-3B0C-4911-8403-16CE12A2A3E1}.Debug|x86.ActiveCfg = Debug|Any CPU
		{70E109DA-3B0C-4911-8403-16CE12A2A3E1}.Debug|x86.Build.0 = Debug|Any CPU
		{70E109DA-3B0C-4911-8403-16CE12A2A3E1}.Release|Any CPU.ActiveCfg = Release|Any CPU
		{70E109DA-3B0C-4911-8403-16CE12A2A3E1}.Release|Any CPU.Build.0 = Release|Any CPU
		{70E109DA-3B0C-4911-8403-16CE12A2A3E1}.Release|ARM.ActiveCfg = Release|Any CPU
		{70E109DA-3B0C-4911-8403-16CE12A2A3E1}.Release|ARM.Build.0 = Release|Any CPU
		{70E109DA-3B0C-4911-8403-16CE12A2A3E1}.Release|iPhone.ActiveCfg = Release|Any CPU
		{70E109DA-3B0C-4911-8403-16CE12A2A3E1}.Release|iPhone.Build.0 = Release|Any CPU
		{70E109DA-3B0C-4911-8403-16CE12A2A3E1}.Release|iPhoneSimulator.ActiveCfg = Release|Any CPU
		{70E109DA-3B0C-4911-8403-16CE12A2A3E1}.Release|iPhoneSimulator.Build.0 = Release|Any CPU
		{70E109DA-3B0C-4911-8403-16CE12A2A3E1}.Release|x64.ActiveCfg = Release|Any CPU
		{70E109DA-3B0C-4911-8403-16CE12A2A3E1}.Release|x64.Build.0 = Release|Any CPU
		{70E109DA-3B0C-4911-8403-16CE12A2A3E1}.Release|x86.ActiveCfg = Release|Any CPU
		{70E109DA-3B0C-4911-8403-16CE12A2A3E1}.Release|x86.Build.0 = Release|Any CPU
		{6D051892-ED8B-4FB1-B989-C1B415837805}.Ad-Hoc|Any CPU.ActiveCfg = Release|Any CPU
		{6D051892-ED8B-4FB1-B989-C1B415837805}.Ad-Hoc|Any CPU.Build.0 = Release|Any CPU
		{6D051892-ED8B-4FB1-B989-C1B415837805}.Ad-Hoc|ARM.ActiveCfg = Release|Any CPU
		{6D051892-ED8B-4FB1-B989-C1B415837805}.Ad-Hoc|ARM.Build.0 = Release|Any CPU
		{6D051892-ED8B-4FB1-B989-C1B415837805}.Ad-Hoc|iPhone.ActiveCfg = Release|Any CPU
		{6D051892-ED8B-4FB1-B989-C1B415837805}.Ad-Hoc|iPhone.Build.0 = Release|Any CPU
		{6D051892-ED8B-4FB1-B989-C1B415837805}.Ad-Hoc|iPhoneSimulator.ActiveCfg = Release|Any CPU
		{6D051892-ED8B-4FB1-B989-C1B415837805}.Ad-Hoc|iPhoneSimulator.Build.0 = Release|Any CPU
		{6D051892-ED8B-4FB1-B989-C1B415837805}.Ad-Hoc|x64.ActiveCfg = Release|Any CPU
		{6D051892-ED8B-4FB1-B989-C1B415837805}.Ad-Hoc|x64.Build.0 = Release|Any CPU
		{6D051892-ED8B-4FB1-B989-C1B415837805}.Ad-Hoc|x86.ActiveCfg = Release|Any CPU
		{6D051892-ED8B-4FB1-B989-C1B415837805}.Ad-Hoc|x86.Build.0 = Release|Any CPU
		{6D051892-ED8B-4FB1-B989-C1B415837805}.AppStore|Any CPU.ActiveCfg = Release|Any CPU
		{6D051892-ED8B-4FB1-B989-C1B415837805}.AppStore|Any CPU.Build.0 = Release|Any CPU
		{6D051892-ED8B-4FB1-B989-C1B415837805}.AppStore|ARM.ActiveCfg = Release|Any CPU
		{6D051892-ED8B-4FB1-B989-C1B415837805}.AppStore|ARM.Build.0 = Release|Any CPU
		{6D051892-ED8B-4FB1-B989-C1B415837805}.AppStore|iPhone.ActiveCfg = Release|Any CPU
		{6D051892-ED8B-4FB1-B989-C1B415837805}.AppStore|iPhone.Build.0 = Release|Any CPU
		{6D051892-ED8B-4FB1-B989-C1B415837805}.AppStore|iPhoneSimulator.ActiveCfg = Release|Any CPU
		{6D051892-ED8B-4FB1-B989-C1B415837805}.AppStore|iPhoneSimulator.Build.0 = Release|Any CPU
		{6D051892-ED8B-4FB1-B989-C1B415837805}.AppStore|x64.ActiveCfg = Release|Any CPU
		{6D051892-ED8B-4FB1-B989-C1B415837805}.AppStore|x64.Build.0 = Release|Any CPU
		{6D051892-ED8B-4FB1-B989-C1B415837805}.AppStore|x86.ActiveCfg = Release|Any CPU
		{6D051892-ED8B-4FB1-B989-C1B415837805}.AppStore|x86.Build.0 = Release|Any CPU
		{6D051892-ED8B-4FB1-B989-C1B415837805}.Debug|Any CPU.ActiveCfg = Debug|Any CPU
		{6D051892-ED8B-4FB1-B989-C1B415837805}.Debug|Any CPU.Build.0 = Debug|Any CPU
		{6D051892-ED8B-4FB1-B989-C1B415837805}.Debug|ARM.ActiveCfg = Debug|Any CPU
		{6D051892-ED8B-4FB1-B989-C1B415837805}.Debug|ARM.Build.0 = Debug|Any CPU
		{6D051892-ED8B-4FB1-B989-C1B415837805}.Debug|iPhone.ActiveCfg = Debug|Any CPU
		{6D051892-ED8B-4FB1-B989-C1B415837805}.Debug|iPhone.Build.0 = Debug|Any CPU
		{6D051892-ED8B-4FB1-B989-C1B415837805}.Debug|iPhoneSimulator.ActiveCfg = Debug|Any CPU
		{6D051892-ED8B-4FB1-B989-C1B415837805}.Debug|iPhoneSimulator.Build.0 = Debug|Any CPU
		{6D051892-ED8B-4FB1-B989-C1B415837805}.Debug|x64.ActiveCfg = Debug|Any CPU
		{6D051892-ED8B-4FB1-B989-C1B415837805}.Debug|x64.Build.0 = Debug|Any CPU
		{6D051892-ED8B-4FB1-B989-C1B415837805}.Debug|x86.ActiveCfg = Debug|Any CPU
		{6D051892-ED8B-4FB1-B989-C1B415837805}.Debug|x86.Build.0 = Debug|Any CPU
		{6D051892-ED8B-4FB1-B989-C1B415837805}.Release|Any CPU.ActiveCfg = Release|Any CPU
		{6D051892-ED8B-4FB1-B989-C1B415837805}.Release|Any CPU.Build.0 = Release|Any CPU
		{6D051892-ED8B-4FB1-B989-C1B415837805}.Release|ARM.ActiveCfg = Release|Any CPU
		{6D051892-ED8B-4FB1-B989-C1B415837805}.Release|ARM.Build.0 = Release|Any CPU
		{6D051892-ED8B-4FB1-B989-C1B415837805}.Release|iPhone.ActiveCfg = Release|Any CPU
		{6D051892-ED8B-4FB1-B989-C1B415837805}.Release|iPhone.Build.0 = Release|Any CPU
		{6D051892-ED8B-4FB1-B989-C1B415837805}.Release|iPhoneSimulator.ActiveCfg = Release|Any CPU
		{6D051892-ED8B-4FB1-B989-C1B415837805}.Release|iPhoneSimulator.Build.0 = Release|Any CPU
		{6D051892-ED8B-4FB1-B989-C1B415837805}.Release|x64.ActiveCfg = Release|Any CPU
		{6D051892-ED8B-4FB1-B989-C1B415837805}.Release|x64.Build.0 = Release|Any CPU
		{6D051892-ED8B-4FB1-B989-C1B415837805}.Release|x86.ActiveCfg = Release|Any CPU
		{6D051892-ED8B-4FB1-B989-C1B415837805}.Release|x86.Build.0 = Release|Any CPU
		{40AF19A5-FC72-4B2D-982A-E9A6F0D21E8E}.Ad-Hoc|Any CPU.ActiveCfg = Release|Any CPU
		{40AF19A5-FC72-4B2D-982A-E9A6F0D21E8E}.Ad-Hoc|Any CPU.Build.0 = Release|Any CPU
		{40AF19A5-FC72-4B2D-982A-E9A6F0D21E8E}.Ad-Hoc|ARM.ActiveCfg = Release|Any CPU
		{40AF19A5-FC72-4B2D-982A-E9A6F0D21E8E}.Ad-Hoc|ARM.Build.0 = Release|Any CPU
		{40AF19A5-FC72-4B2D-982A-E9A6F0D21E8E}.Ad-Hoc|iPhone.ActiveCfg = Release|Any CPU
		{40AF19A5-FC72-4B2D-982A-E9A6F0D21E8E}.Ad-Hoc|iPhone.Build.0 = Release|Any CPU
		{40AF19A5-FC72-4B2D-982A-E9A6F0D21E8E}.Ad-Hoc|iPhoneSimulator.ActiveCfg = Release|Any CPU
		{40AF19A5-FC72-4B2D-982A-E9A6F0D21E8E}.Ad-Hoc|iPhoneSimulator.Build.0 = Release|Any CPU
		{40AF19A5-FC72-4B2D-982A-E9A6F0D21E8E}.Ad-Hoc|x64.ActiveCfg = Release|Any CPU
		{40AF19A5-FC72-4B2D-982A-E9A6F0D21E8E}.Ad-Hoc|x64.Build.0 = Release|Any CPU
		{40AF19A5-FC72-4B2D-982A-E9A6F0D21E8E}.Ad-Hoc|x86.ActiveCfg = Release|Any CPU
		{40AF19A5-FC72-4B2D-982A-E9A6F0D21E8E}.Ad-Hoc|x86.Build.0 = Release|Any CPU
		{40AF19A5-FC72-4B2D-982A-E9A6F0D21E8E}.AppStore|Any CPU.ActiveCfg = Release|Any CPU
		{40AF19A5-FC72-4B2D-982A-E9A6F0D21E8E}.AppStore|Any CPU.Build.0 = Release|Any CPU
		{40AF19A5-FC72-4B2D-982A-E9A6F0D21E8E}.AppStore|ARM.ActiveCfg = Release|Any CPU
		{40AF19A5-FC72-4B2D-982A-E9A6F0D21E8E}.AppStore|ARM.Build.0 = Release|Any CPU
		{40AF19A5-FC72-4B2D-982A-E9A6F0D21E8E}.AppStore|iPhone.ActiveCfg = Release|Any CPU
		{40AF19A5-FC72-4B2D-982A-E9A6F0D21E8E}.AppStore|iPhone.Build.0 = Release|Any CPU
		{40AF19A5-FC72-4B2D-982A-E9A6F0D21E8E}.AppStore|iPhoneSimulator.ActiveCfg = Release|Any CPU
		{40AF19A5-FC72-4B2D-982A-E9A6F0D21E8E}.AppStore|iPhoneSimulator.Build.0 = Release|Any CPU
		{40AF19A5-FC72-4B2D-982A-E9A6F0D21E8E}.AppStore|x64.ActiveCfg = Release|Any CPU
		{40AF19A5-FC72-4B2D-982A-E9A6F0D21E8E}.AppStore|x64.Build.0 = Release|Any CPU
		{40AF19A5-FC72-4B2D-982A-E9A6F0D21E8E}.AppStore|x86.ActiveCfg = Release|Any CPU
		{40AF19A5-FC72-4B2D-982A-E9A6F0D21E8E}.AppStore|x86.Build.0 = Release|Any CPU
		{40AF19A5-FC72-4B2D-982A-E9A6F0D21E8E}.Debug|Any CPU.ActiveCfg = Debug|Any CPU
		{40AF19A5-FC72-4B2D-982A-E9A6F0D21E8E}.Debug|Any CPU.Build.0 = Debug|Any CPU
		{40AF19A5-FC72-4B2D-982A-E9A6F0D21E8E}.Debug|ARM.ActiveCfg = Debug|Any CPU
		{40AF19A5-FC72-4B2D-982A-E9A6F0D21E8E}.Debug|ARM.Build.0 = Debug|Any CPU
		{40AF19A5-FC72-4B2D-982A-E9A6F0D21E8E}.Debug|iPhone.ActiveCfg = Debug|Any CPU
		{40AF19A5-FC72-4B2D-982A-E9A6F0D21E8E}.Debug|iPhone.Build.0 = Debug|Any CPU
		{40AF19A5-FC72-4B2D-982A-E9A6F0D21E8E}.Debug|iPhoneSimulator.ActiveCfg = Debug|Any CPU
		{40AF19A5-FC72-4B2D-982A-E9A6F0D21E8E}.Debug|iPhoneSimulator.Build.0 = Debug|Any CPU
		{40AF19A5-FC72-4B2D-982A-E9A6F0D21E8E}.Debug|x64.ActiveCfg = Debug|Any CPU
		{40AF19A5-FC72-4B2D-982A-E9A6F0D21E8E}.Debug|x64.Build.0 = Debug|Any CPU
		{40AF19A5-FC72-4B2D-982A-E9A6F0D21E8E}.Debug|x86.ActiveCfg = Debug|Any CPU
		{40AF19A5-FC72-4B2D-982A-E9A6F0D21E8E}.Debug|x86.Build.0 = Debug|Any CPU
		{40AF19A5-FC72-4B2D-982A-E9A6F0D21E8E}.Release|Any CPU.ActiveCfg = Release|Any CPU
		{40AF19A5-FC72-4B2D-982A-E9A6F0D21E8E}.Release|Any CPU.Build.0 = Release|Any CPU
		{40AF19A5-FC72-4B2D-982A-E9A6F0D21E8E}.Release|ARM.ActiveCfg = Release|Any CPU
		{40AF19A5-FC72-4B2D-982A-E9A6F0D21E8E}.Release|ARM.Build.0 = Release|Any CPU
		{40AF19A5-FC72-4B2D-982A-E9A6F0D21E8E}.Release|iPhone.ActiveCfg = Release|Any CPU
		{40AF19A5-FC72-4B2D-982A-E9A6F0D21E8E}.Release|iPhone.Build.0 = Release|Any CPU
		{40AF19A5-FC72-4B2D-982A-E9A6F0D21E8E}.Release|iPhoneSimulator.ActiveCfg = Release|Any CPU
		{40AF19A5-FC72-4B2D-982A-E9A6F0D21E8E}.Release|iPhoneSimulator.Build.0 = Release|Any CPU
		{40AF19A5-FC72-4B2D-982A-E9A6F0D21E8E}.Release|x64.ActiveCfg = Release|Any CPU
		{40AF19A5-FC72-4B2D-982A-E9A6F0D21E8E}.Release|x64.Build.0 = Release|Any CPU
		{40AF19A5-FC72-4B2D-982A-E9A6F0D21E8E}.Release|x86.ActiveCfg = Release|Any CPU
		{40AF19A5-FC72-4B2D-982A-E9A6F0D21E8E}.Release|x86.Build.0 = Release|Any CPU
	EndGlobalSection
	GlobalSection(SolutionProperties) = preSolution
		HideSolutionNode = FALSE
	EndGlobalSection
	GlobalSection(ExtensibilityGlobals) = postSolution
		SolutionGuid = {D059A7A8-CD9C-4D11-ADDD-220E10013D4A}
	EndGlobalSection
	GlobalSection(MonoDevelopProperties) = preSolution
		StartupItem = RMUD\RMUD.csproj
		Policies = $0
		$0.DotNetNamingPolicy = $1
		$1.DirectoryNamespaceAssociation = None
		$1.ResourceNamePolicy = FileFormatDefault
		$0.StandardHeader = $2
		$2.Text = 
		$2.IncludeInNewFiles = True
		$0.NameConventionPolicy = $3
		$3.Rules = $4
		$4.NamingRule = $24
		$5.Name = Namespaces
		$5.AffectedEntity = Namespace
		$5.VisibilityMask = VisibilityMask
		$5.NamingStyle = PascalCase
		$5.IncludeInstanceMembers = True
		$5.IncludeStaticEntities = True
		$6.Name = Types
		$6.AffectedEntity = Class, Struct, Enum, Delegate
		$6.VisibilityMask = Public
		$6.NamingStyle = PascalCase
		$6.IncludeInstanceMembers = True
		$6.IncludeStaticEntities = True
		$7.Name = Interfaces
		$7.RequiredPrefixes = $8
		$8.String = I
		$7.AffectedEntity = Interface
		$7.VisibilityMask = Public
		$7.NamingStyle = PascalCase
		$7.IncludeInstanceMembers = True
		$7.IncludeStaticEntities = True
		$9.Name = Attributes
		$9.RequiredSuffixes = $10
		$10.String = Attribute
		$9.AffectedEntity = CustomAttributes
		$9.VisibilityMask = Public
		$9.NamingStyle = PascalCase
		$9.IncludeInstanceMembers = True
		$9.IncludeStaticEntities = True
		$11.Name = Event Arguments
		$11.RequiredSuffixes = $12
		$12.String = EventArgs
		$11.AffectedEntity = CustomEventArgs
		$11.VisibilityMask = Public
		$11.NamingStyle = PascalCase
		$11.IncludeInstanceMembers = True
		$11.IncludeStaticEntities = True
		$13.Name = Exceptions
		$13.RequiredSuffixes = $14
		$14.String = Exception
		$13.AffectedEntity = CustomExceptions
		$13.VisibilityMask = VisibilityMask
		$13.NamingStyle = PascalCase
		$13.IncludeInstanceMembers = True
		$13.IncludeStaticEntities = True
		$15.Name = Methods
		$15.AffectedEntity = Methods
		$15.VisibilityMask = Protected, Public
		$15.NamingStyle = PascalCase
		$15.IncludeInstanceMembers = True
		$15.IncludeStaticEntities = True
		$16.Name = Static Readonly Fields
		$16.AffectedEntity = ReadonlyField
		$16.VisibilityMask = Protected, Public
		$16.NamingStyle = PascalCase
		$16.IncludeInstanceMembers = False
		$16.IncludeStaticEntities = True
		$17.Name = Fields
		$17.AffectedEntity = Field
		$17.VisibilityMask = Protected, Public
		$17.NamingStyle = PascalCase
		$17.IncludeInstanceMembers = True
		$17.IncludeStaticEntities = True
		$18.Name = ReadOnly Fields
		$18.AffectedEntity = ReadonlyField
		$18.VisibilityMask = Protected, Public
		$18.NamingStyle = PascalCase
		$18.IncludeInstanceMembers = True
		$18.IncludeStaticEntities = False
		$19.Name = Constant Fields
		$19.AffectedEntity = ConstantField
		$19.VisibilityMask = Protected, Public
		$19.NamingStyle = PascalCase
		$19.IncludeInstanceMembers = True
		$19.IncludeStaticEntities = True
		$20.Name = Properties
		$20.AffectedEntity = Property
		$20.VisibilityMask = Protected, Public
		$20.NamingStyle = PascalCase
		$20.IncludeInstanceMembers = True
		$20.IncludeStaticEntities = True
		$21.Name = Events
		$21.AffectedEntity = Event
		$21.VisibilityMask = Protected, Public
		$21.NamingStyle = PascalCase
		$21.IncludeInstanceMembers = True
		$21.IncludeStaticEntities = True
		$22.Name = Enum Members
		$22.AffectedEntity = EnumMember
		$22.VisibilityMask = VisibilityMask
		$22.NamingStyle = PascalCase
		$22.IncludeInstanceMembers = True
		$22.IncludeStaticEntities = True
		$23.Name = Parameters
		$23.AffectedEntity = Parameter
		$23.VisibilityMask = VisibilityMask
		$23.NamingStyle = CamelCase
		$23.IncludeInstanceMembers = True
		$23.IncludeStaticEntities = True
		$24.Name = Type Parameters
		$24.RequiredPrefixes = $25
		$25.String = T
		$24.AffectedEntity = TypeParameter
		$24.VisibilityMask = VisibilityMask
		$24.NamingStyle = PascalCase
		$24.IncludeInstanceMembers = True
		$24.IncludeStaticEntities = True
	EndGlobalSection
EndGlobal
